
Microsoft Visual Studio Solution File, Format Version 12.00
# Visual Studio Version 16
VisualStudioVersion = 16.0.30320.27
MinimumVisualStudioVersion = 10.0.40219.1
Project("{FAE04EC0-301F-11D3-BF4B-00C04F79EFBC}") = "Ch09Ex01", "Ch09Ex01\Ch09Ex01.csproj", "{F7CC2F0A-D2D5-40FB-BD47-41B52C5BC6D6}"
EndProject
Project("{FAE04EC0-301F-11D3-BF4B-00C04F79EFBC}") = "ClassLibrary1", "ClassLibrary1\ClassLibrary1.csproj", "{22923C0A-DE04-49B2-B6AF-F33853D8CBAC}"
EndProject
Global
	GlobalSection(SolutionConfigurationPlatforms) = preSolution
		Debug|Any CPU = Debug|Any CPU
		Release|Any CPU = Release|Any CPU
	EndGlobalSection
	GlobalSection(ProjectConfigurationPlatforms) = postSolution
		{F7CC2F0A-D2D5-40FB-BD47-41B52C5BC6D6}.Debug|Any CPU.ActiveCfg = Debug|Any CPU
		{F7CC2F0A-D2D5-40FB-BD47-41B52C5BC6D6}.Debug|Any CPU.Build.0 = Debug|Any CPU
		{F7CC2F0A-D2D5-40FB-BD47-41B52C5BC6D6}.Release|Any CPU.ActiveCfg = Release|Any CPU
		{F7CC2F0A-D2D5-40FB-BD47-41B52C5BC6D6}.Release|Any CPU.Build.0 = Release|Any CPU
		{22923C0A-DE04-49B2-B6AF-F33853D8CBAC}.Debug|Any CPU.ActiveCfg = Debug|Any CPU
		{22923C0A-DE04-49B2-B6AF-F33853D8CBAC}.Debug|Any CPU.Build.0 = Debug|Any CPU
		{22923C0A-DE04-49B2-B6AF-F33853D8CBAC}.Release|Any CPU.ActiveCfg = Release|Any CPU
		{22923C0A-DE04-49B2-B6AF-F33853D8CBAC}.Release|Any CPU.Build.0 = Release|Any CPU
	EndGlobalSection
	GlobalSection(SolutionProperties) = preSolution
		HideSolutionNode = FALSE
	EndGlobalSection
	GlobalSection(ExtensibilityGlobals) = postSolution
		SolutionGuid = {746FBD81-FDB0-43B5-987E-5CE5266A21C1}
	EndGlobalSection
EndGlobal
