
Microsoft Visual Studio Solution File, Format Version 12.00
# Visual Studio 2012
Project("{FAE04EC0-301F-11D3-BF4B-00C04F79EFBC}") = "Ch09Ex02", "Ch09Ex02\Ch09Ex02.csproj", "{87AC5837-570C-47D6-BD85-B2F6226F8A60}"
EndProject
Global
	GlobalSection(SolutionConfigurationPlatforms) = preSolution
		Debug|Any CPU = Debug|Any CPU
		Release|Any CPU = Release|Any CPU
	EndGlobalSection
	GlobalSection(ProjectConfigurationPlatforms) = postSolution
		{87AC5837-570C-47D6-BD85-B2F6226F8A60}.Debug|Any CPU.ActiveCfg = Debug|Any CPU
		{87AC5837-570C-47D6-BD85-B2F6226F8A60}.Debug|Any CPU.Build.0 = Debug|Any CPU
		{87AC5837-570C-47D6-BD85-B2F6226F8A60}.Release|Any CPU.ActiveCfg = Release|Any CPU
		{87AC5837-570C-47D6-BD85-B2F6226F8A60}.Release|Any CPU.Build.0 = Release|Any CPU
	EndGlobalSection
	GlobalSection(SolutionProperties) = preSolution
		HideSolutionNode = FALSE
	EndGlobalSection
EndGlobal
